# THIS IS AN AUTOGENERATED FILE. DO NOT EDIT THIS FILE DIRECTLY.
# yarn lockfile v1


"@chainlink/contracts@^0.4.1":
  version "0.4.1"
  resolved "https://registry.yarnpkg.com/@chainlink/contracts/-/contracts-0.4.1.tgz#1c4f824920b89fbe5ff2294c35a86bca83c8253d"
  integrity sha512-eC8biY6Ks8k9kZKVt5305veCP3z57yyiy6Os5aR6auta6Bp34xWQ/s4qvrifcW4FNgWw1HJPwMPXDGfiehcLjg==

hardhat-deploy-ethers@^0.3.0-beta.13:
  version "0.3.0-beta.13"
  resolved "https://registry.yarnpkg.com/hardhat-deploy-ethers/-/hardhat-deploy-ethers-0.3.0-beta.13.tgz#b96086ff768ddf69928984d5eb0a8d78cfca9366"
  integrity sha512-PdWVcKB9coqWV1L7JTpfXRCI91Cgwsm7KLmBcwZ8f0COSm1xtABHZTyz3fvF6p42cTnz1VM0QnfDvMFlIRkSNw==
